
Microsoft Visual Studio Solution File, Format Version 12.00
# Visual Studio Version 16
VisualStudioVersion = 16.0.29728.190
MinimumVisualStudioVersion = 10.0.40219.1
Project("{FAE04EC0-301F-11D3-BF4B-00C04F79EFBC}") = "Car Race", "Car Race.csproj", "{D510BED5-4F15-43F0-897D-CFF864F2A87F}"
EndProject
Global
	GlobalSection(SolutionConfigurationPlatforms) = preSolution
		Debug|Any CPU = Debug|Any CPU
		Release|Any CPU = Release|Any CPU
	EndGlobalSection
	GlobalSection(ProjectConfigurationPlatforms) = postSolution
		{D510BED5-4F15-43F0-897D-CFF864F2A87F}.Debug|Any CPU.ActiveCfg = Debug|Any CPU
		{D510BED5-4F15-43F0-897D-CFF864F2A87F}.Debug|Any CPU.Build.0 = Debug|Any CPU
		{D510BED5-4F15-43F0-897D-CFF864F2A87F}.Release|Any CPU.ActiveCfg = Release|Any CPU
		{D510BED5-4F15-43F0-897D-CFF864F2A87F}.Release|Any CPU.Build.0 = Release|Any CPU
	EndGlobalSection
	GlobalSection(SolutionProperties) = preSolution
		HideSolutionNode = FALSE
	EndGlobalSection
	GlobalSection(ExtensibilityGlobals) = postSolution
		SolutionGuid = {5B7C11C6-7B58-47D1-B706-B1C646DBE1E4}
	EndGlobalSection
EndGlobal
